// !$*UTF8*$!
{
	archiveVersion = 1;
	classes = {
	};
	objectVersion = 46;
	objects = {

/* Begin PBXBuildFile section */
		07CB409008305A8583BF1ACE /* Pods_QuickTouchClient.framework in Frameworks */ = {isa = PBXBuildFile; fileRef = 50795AB4E3DAFDD0E82A4258 /* Pods_QuickTouchClient.framework */; };
		341135621DD2CEB000D98C94 /* main.m in Sources */ = {isa = PBXBuildFile; fileRef = 341135541DD2CEB000D98C94 /* main.m */; };
		341135671DD2CEB000D98C94 /* Assets.xcassets in Resources */ = {isa = PBXBuildFile; fileRef = 3411355E1DD2CEB000D98C94 /* Assets.xcassets */; };
		341135681DD2CEB000D98C94 /* AppDelegate.m in Sources */ = {isa = PBXBuildFile; fileRef = 3411355F1DD2CEB000D98C94 /* AppDelegate.m */; };
		3411356B1DD2CF2400D98C94 /* MainMenu.xib in Resources */ = {isa = PBXBuildFile; fileRef = 341135691DD2CF2400D98C94 /* MainMenu.xib */; };
		34275B5C1DDCA03E0091045C /* GCDAsyncSocket.m in Sources */ = {isa = PBXBuildFile; fileRef = 34275B591DDCA03E0091045C /* GCDAsyncSocket.m */; };
		34275B5D1DDCA03E0091045C /* GCDAsyncUdpSocket.m in Sources */ = {isa = PBXBuildFile; fileRef = 34275B5B1DDCA03E0091045C /* GCDAsyncUdpSocket.m */; };
		34275B761DDCC0F70091045C /* QTProcessor.m in Sources */ = {isa = PBXBuildFile; fileRef = 34275B721DDCC0F70091045C /* QTProcessor.m */; };
		34275B7E1DDCC2D20091045C /* QTTypeClass.m in Sources */ = {isa = PBXBuildFile; fileRef = 34275B7D1DDCC2D20091045C /* QTTypeClass.m */; };
		34275B7F1DDD54680091045C /* QTTypeClass.m in Sources */ = {isa = PBXBuildFile; fileRef = 34275B7D1DDCC2D20091045C /* QTTypeClass.m */; };
		34275B801DDD546A0091045C /* QTProcessor.m in Sources */ = {isa = PBXBuildFile; fileRef = 34275B721DDCC0F70091045C /* QTProcessor.m */; };
		34275B811DDD75CA0091045C /* NSString+KeyCode.m in Sources */ = {isa = PBXBuildFile; fileRef = 34597B7D1DDC763900F48479 /* NSString+KeyCode.m */; };
		34275B8F1DDD9E960091045C /* Util.m in Sources */ = {isa = PBXBuildFile; fileRef = 34275B8D1DDD9E960091045C /* Util.m */; };
		34275B951DDDA0330091045C /* NotificationConstant.m in Sources */ = {isa = PBXBuildFile; fileRef = 34275B941DDDA0330091045C /* NotificationConstant.m */; };
		34275BAE1DDDE69B0091045C /* BabyBluetooth.m in Sources */ = {isa = PBXBuildFile; fileRef = 34275B9D1DDDE69B0091045C /* BabyBluetooth.m */; };
		34275BAF1DDDE69B0091045C /* BabyBluetooth.m in Sources */ = {isa = PBXBuildFile; fileRef = 34275B9D1DDDE69B0091045C /* BabyBluetooth.m */; };
		34275BB01DDDE69B0091045C /* BabyCallback.m in Sources */ = {isa = PBXBuildFile; fileRef = 34275B9F1DDDE69B0091045C /* BabyCallback.m */; };
		34275BB11DDDE69B0091045C /* BabyCallback.m in Sources */ = {isa = PBXBuildFile; fileRef = 34275B9F1DDDE69B0091045C /* BabyCallback.m */; };
		34275BB21DDDE69B0091045C /* BabyCentralManager.m in Sources */ = {isa = PBXBuildFile; fileRef = 34275BA11DDDE69B0091045C /* BabyCentralManager.m */; };
		34275BB31DDDE69B0091045C /* BabyCentralManager.m in Sources */ = {isa = PBXBuildFile; fileRef = 34275BA11DDDE69B0091045C /* BabyCentralManager.m */; };
		34275BB41DDDE69B0091045C /* BabyDefine.m in Sources */ = {isa = PBXBuildFile; fileRef = 34275BA31DDDE69B0091045C /* BabyDefine.m */; };
		34275BB51DDDE69B0091045C /* BabyDefine.m in Sources */ = {isa = PBXBuildFile; fileRef = 34275BA31DDDE69B0091045C /* BabyDefine.m */; };
		34275BB61DDDE69B0091045C /* BabyOptions.m in Sources */ = {isa = PBXBuildFile; fileRef = 34275BA51DDDE69B0091045C /* BabyOptions.m */; };
		34275BB71DDDE69B0091045C /* BabyOptions.m in Sources */ = {isa = PBXBuildFile; fileRef = 34275BA51DDDE69B0091045C /* BabyOptions.m */; };
		34275BB81DDDE69B0091045C /* BabyPeripheralManager.m in Sources */ = {isa = PBXBuildFile; fileRef = 34275BA71DDDE69B0091045C /* BabyPeripheralManager.m */; };
		34275BB91DDDE69B0091045C /* BabyPeripheralManager.m in Sources */ = {isa = PBXBuildFile; fileRef = 34275BA71DDDE69B0091045C /* BabyPeripheralManager.m */; };
		34275BBA1DDDE69B0091045C /* BabyRhythm.m in Sources */ = {isa = PBXBuildFile; fileRef = 34275BA91DDDE69B0091045C /* BabyRhythm.m */; };
		34275BBB1DDDE69B0091045C /* BabyRhythm.m in Sources */ = {isa = PBXBuildFile; fileRef = 34275BA91DDDE69B0091045C /* BabyRhythm.m */; };
		34275BBC1DDDE69B0091045C /* BabySpeaker.m in Sources */ = {isa = PBXBuildFile; fileRef = 34275BAB1DDDE69B0091045C /* BabySpeaker.m */; };
		34275BBD1DDDE69B0091045C /* BabySpeaker.m in Sources */ = {isa = PBXBuildFile; fileRef = 34275BAB1DDDE69B0091045C /* BabySpeaker.m */; };
		34275BBE1DDDE69B0091045C /* BabyToy.m in Sources */ = {isa = PBXBuildFile; fileRef = 34275BAD1DDDE69B0091045C /* BabyToy.m */; };
		34275BBF1DDDE69B0091045C /* BabyToy.m in Sources */ = {isa = PBXBuildFile; fileRef = 34275BAD1DDDE69B0091045C /* BabyToy.m */; };
		34597B451DDC744D00F48479 /* ScanQRCodeViewController.m in Sources */ = {isa = PBXBuildFile; fileRef = 34597B421DDC744D00F48479 /* ScanQRCodeViewController.m */; };
		34597B461DDC744D00F48479 /* UIView+SDExtension.m in Sources */ = {isa = PBXBuildFile; fileRef = 34597B441DDC744D00F48479 /* UIView+SDExtension.m */; };
		34597B611DDC74B400F48479 /* GCDAsyncSocket.m in Sources */ = {isa = PBXBuildFile; fileRef = 34597B5E1DDC74B400F48479 /* GCDAsyncSocket.m */; };
		34597B621DDC74B400F48479 /* GCDAsyncUdpSocket.m in Sources */ = {isa = PBXBuildFile; fileRef = 34597B601DDC74B400F48479 /* GCDAsyncUdpSocket.m */; };
		34597B791DDC758200F48479 /* QuickTouchViewController.m in Sources */ = {isa = PBXBuildFile; fileRef = 34597B771DDC758200F48479 /* QuickTouchViewController.m */; };
		34597B7A1DDC758200F48479 /* QuickTouchViewController.xib in Resources */ = {isa = PBXBuildFile; fileRef = 34597B781DDC758200F48479 /* QuickTouchViewController.xib */; };
		34597B8B1DDC763900F48479 /* NSString+KeyCode.m in Sources */ = {isa = PBXBuildFile; fileRef = 34597B7D1DDC763900F48479 /* NSString+KeyCode.m */; };
		34597B8C1DDC763900F48479 /* QRCodeCreator.m in Sources */ = {isa = PBXBuildFile; fileRef = 34597B7F1DDC763900F48479 /* QRCodeCreator.m */; };
		34597B8F1DDC763900F48479 /* QTKey.m in Sources */ = {isa = PBXBuildFile; fileRef = 34597B881DDC763900F48479 /* QTKey.m */; };
		34597B901DDC763900F48479 /* QTSystemSetting.m in Sources */ = {isa = PBXBuildFile; fileRef = 34597B8A1DDC763900F48479 /* QTSystemSetting.m */; };
		34B049C61DD0D89500998965 /* main.m in Sources */ = {isa = PBXBuildFile; fileRef = 34B049C51DD0D89500998965 /* main.m */; };
		34B049C91DD0D89500998965 /* AppDelegate.m in Sources */ = {isa = PBXBuildFile; fileRef = 34B049C81DD0D89500998965 /* AppDelegate.m */; };
		34B049D11DD0D89500998965 /* Assets.xcassets in Resources */ = {isa = PBXBuildFile; fileRef = 34B049D01DD0D89500998965 /* Assets.xcassets */; };
		34B049D41DD0D89500998965 /* LaunchScreen.storyboard in Resources */ = {isa = PBXBuildFile; fileRef = 34B049D21DD0D89500998965 /* LaunchScreen.storyboard */; };
		34B049DE1DD0D97500998965 /* MainViewController.m in Sources */ = {isa = PBXBuildFile; fileRef = 34B049DC1DD0D97500998965 /* MainViewController.m */; };
		76B0B441A4127CEF1A3E63E7 /* Pods_QuickTouchServer.framework in Frameworks */ = {isa = PBXBuildFile; fileRef = 26A25B06040C75F92B4F226D /* Pods_QuickTouchServer.framework */; };
/* End PBXBuildFile section */

/* Begin PBXFileReference section */
		108A3946979789A260262B51 /* Pods-QuickTouchServer.release.xcconfig */ = {isa = PBXFileReference; includeInIndex = 1; lastKnownFileType = text.xcconfig; name = "Pods-QuickTouchServer.release.xcconfig"; path = "Pods/Target Support Files/Pods-QuickTouchServer/Pods-QuickTouchServer.release.xcconfig"; sourceTree = "<group>"; };
		17232945795D99972E314DA8 /* Pods-QuickTouchServer.debug.xcconfig */ = {isa = PBXFileReference; includeInIndex = 1; lastKnownFileType = text.xcconfig; name = "Pods-QuickTouchServer.debug.xcconfig"; path = "Pods/Target Support Files/Pods-QuickTouchServer/Pods-QuickTouchServer.debug.xcconfig"; sourceTree = "<group>"; };
		26A25B06040C75F92B4F226D /* Pods_QuickTouchServer.framework */ = {isa = PBXFileReference; explicitFileType = wrapper.framework; includeInIndex = 0; path = Pods_QuickTouchServer.framework; sourceTree = BUILT_PRODUCTS_DIR; };
		341135401DD2CE5D00D98C94 /* QuickTouchServer.app */ = {isa = PBXFileReference; explicitFileType = wrapper.application; includeInIndex = 0; path = QuickTouchServer.app; sourceTree = BUILT_PRODUCTS_DIR; };
		341135511DD2CEB000D98C94 /* QuickTouchServer-prefix.pch */ = {isa = PBXFileReference; fileEncoding = 4; lastKnownFileType = sourcecode.c.h; path = "QuickTouchServer-prefix.pch"; sourceTree = "<group>"; };
		341135541DD2CEB000D98C94 /* main.m */ = {isa = PBXFileReference; fileEncoding = 4; lastKnownFileType = sourcecode.c.objc; path = main.m; sourceTree = "<group>"; };
		341135551DD2CEB000D98C94 /* Info.plist */ = {isa = PBXFileReference; fileEncoding = 4; lastKnownFileType = text.plist.xml; path = Info.plist; sourceTree = "<group>"; };
		3411355E1DD2CEB000D98C94 /* Assets.xcassets */ = {isa = PBXFileReference; lastKnownFileType = folder.assetcatalog; path = Assets.xcassets; sourceTree = "<group>"; };
		3411355F1DD2CEB000D98C94 /* AppDelegate.m */ = {isa = PBXFileReference; fileEncoding = 4; lastKnownFileType = sourcecode.c.objc; path = AppDelegate.m; sourceTree = "<group>"; };
		341135601DD2CEB000D98C94 /* AppDelegate.h */ = {isa = PBXFileReference; fileEncoding = 4; lastKnownFileType = sourcecode.c.h; path = AppDelegate.h; sourceTree = "<group>"; };
		3411356A1DD2CF2400D98C94 /* Base */ = {isa = PBXFileReference; lastKnownFileType = file.xib; name = Base; path = MainMenu.xib; sourceTree = "<group>"; };
		34275B581DDCA03E0091045C /* GCDAsyncSocket.h */ = {isa = PBXFileReference; fileEncoding = 4; lastKnownFileType = sourcecode.c.h; path = GCDAsyncSocket.h; sourceTree = "<group>"; };
		34275B591DDCA03E0091045C /* GCDAsyncSocket.m */ = {isa = PBXFileReference; fileEncoding = 4; lastKnownFileType = sourcecode.c.objc; path = GCDAsyncSocket.m; sourceTree = "<group>"; };
		34275B5A1DDCA03E0091045C /* GCDAsyncUdpSocket.h */ = {isa = PBXFileReference; fileEncoding = 4; lastKnownFileType = sourcecode.c.h; path = GCDAsyncUdpSocket.h; sourceTree = "<group>"; };
		34275B5B1DDCA03E0091045C /* GCDAsyncUdpSocket.m */ = {isa = PBXFileReference; fileEncoding = 4; lastKnownFileType = sourcecode.c.objc; path = GCDAsyncUdpSocket.m; sourceTree = "<group>"; };
		34275B711DDCC0F70091045C /* QTProcessor.h */ = {isa = PBXFileReference; fileEncoding = 4; lastKnownFileType = sourcecode.c.h; path = QTProcessor.h; sourceTree = "<group>"; };
		34275B721DDCC0F70091045C /* QTProcessor.m */ = {isa = PBXFileReference; fileEncoding = 4; lastKnownFileType = sourcecode.c.objc; path = QTProcessor.m; sourceTree = "<group>"; };
		34275B7C1DDCC2D20091045C /* QTTypeClass.h */ = {isa = PBXFileReference; fileEncoding = 4; lastKnownFileType = sourcecode.c.h; path = QTTypeClass.h; sourceTree = "<group>"; };
		34275B7D1DDCC2D20091045C /* QTTypeClass.m */ = {isa = PBXFileReference; fileEncoding = 4; lastKnownFileType = sourcecode.c.objc; path = QTTypeClass.m; sourceTree = "<group>"; };
		34275B8C1DDD9E960091045C /* Util.h */ = {isa = PBXFileReference; fileEncoding = 4; lastKnownFileType = sourcecode.c.h; path = Util.h; sourceTree = "<group>"; };
		34275B8D1DDD9E960091045C /* Util.m */ = {isa = PBXFileReference; fileEncoding = 4; lastKnownFileType = sourcecode.c.objc; path = Util.m; sourceTree = "<group>"; };
		34275B931DDDA0330091045C /* NotificationConstant.h */ = {isa = PBXFileReference; fileEncoding = 4; lastKnownFileType = sourcecode.c.h; path = NotificationConstant.h; sourceTree = "<group>"; };
		34275B941DDDA0330091045C /* NotificationConstant.m */ = {isa = PBXFileReference; fileEncoding = 4; lastKnownFileType = sourcecode.c.objc; path = NotificationConstant.m; sourceTree = "<group>"; };
		34275B9C1DDDE69B0091045C /* BabyBluetooth.h */ = {isa = PBXFileReference; fileEncoding = 4; lastKnownFileType = sourcecode.c.h; path = BabyBluetooth.h; sourceTree = "<group>"; };
		34275B9D1DDDE69B0091045C /* BabyBluetooth.m */ = {isa = PBXFileReference; fileEncoding = 4; lastKnownFileType = sourcecode.c.objc; path = BabyBluetooth.m; sourceTree = "<group>"; };
		34275B9E1DDDE69B0091045C /* BabyCallback.h */ = {isa = PBXFileReference; fileEncoding = 4; lastKnownFileType = sourcecode.c.h; path = BabyCallback.h; sourceTree = "<group>"; };
		34275B9F1DDDE69B0091045C /* BabyCallback.m */ = {isa = PBXFileReference; fileEncoding = 4; lastKnownFileType = sourcecode.c.objc; path = BabyCallback.m; sourceTree = "<group>"; };
		34275BA01DDDE69B0091045C /* BabyCentralManager.h */ = {isa = PBXFileReference; fileEncoding = 4; lastKnownFileType = sourcecode.c.h; path = BabyCentralManager.h; sourceTree = "<group>"; };
		34275BA11DDDE69B0091045C /* BabyCentralManager.m */ = {isa = PBXFileReference; fileEncoding = 4; lastKnownFileType = sourcecode.c.objc; path = BabyCentralManager.m; sourceTree = "<group>"; };
		34275BA21DDDE69B0091045C /* BabyDefine.h */ = {isa = PBXFileReference; fileEncoding = 4; lastKnownFileType = sourcecode.c.h; path = BabyDefine.h; sourceTree = "<group>"; };
		34275BA31DDDE69B0091045C /* BabyDefine.m */ = {isa = PBXFileReference; fileEncoding = 4; lastKnownFileType = sourcecode.c.objc; path = BabyDefine.m; sourceTree = "<group>"; };
		34275BA41DDDE69B0091045C /* BabyOptions.h */ = {isa = PBXFileReference; fileEncoding = 4; lastKnownFileType = sourcecode.c.h; path = BabyOptions.h; sourceTree = "<group>"; };
		34275BA51DDDE69B0091045C /* BabyOptions.m */ = {isa = PBXFileReference; fileEncoding = 4; lastKnownFileType = sourcecode.c.objc; path = BabyOptions.m; sourceTree = "<group>"; };
		34275BA61DDDE69B0091045C /* BabyPeripheralManager.h */ = {isa = PBXFileReference; fileEncoding = 4; lastKnownFileType = sourcecode.c.h; path = BabyPeripheralManager.h; sourceTree = "<group>"; };
		34275BA71DDDE69B0091045C /* BabyPeripheralManager.m */ = {isa = PBXFileReference; fileEncoding = 4; lastKnownFileType = sourcecode.c.objc; path = BabyPeripheralManager.m; sourceTree = "<group>"; };
		34275BA81DDDE69B0091045C /* BabyRhythm.h */ = {isa = PBXFileReference; fileEncoding = 4; lastKnownFileType = sourcecode.c.h; path = BabyRhythm.h; sourceTree = "<group>"; };
		34275BA91DDDE69B0091045C /* BabyRhythm.m */ = {isa = PBXFileReference; fileEncoding = 4; lastKnownFileType = sourcecode.c.objc; path = BabyRhythm.m; sourceTree = "<group>"; };
		34275BAA1DDDE69B0091045C /* BabySpeaker.h */ = {isa = PBXFileReference; fileEncoding = 4; lastKnownFileType = sourcecode.c.h; path = BabySpeaker.h; sourceTree = "<group>"; };
		34275BAB1DDDE69B0091045C /* BabySpeaker.m */ = {isa = PBXFileReference; fileEncoding = 4; lastKnownFileType = sourcecode.c.objc; path = BabySpeaker.m; sourceTree = "<group>"; };
		34275BAC1DDDE69B0091045C /* BabyToy.h */ = {isa = PBXFileReference; fileEncoding = 4; lastKnownFileType = sourcecode.c.h; path = BabyToy.h; sourceTree = "<group>"; };
		34275BAD1DDDE69B0091045C /* BabyToy.m */ = {isa = PBXFileReference; fileEncoding = 4; lastKnownFileType = sourcecode.c.objc; path = BabyToy.m; sourceTree = "<group>"; };
		34597B411DDC744D00F48479 /* ScanQRCodeViewController.h */ = {isa = PBXFileReference; fileEncoding = 4; lastKnownFileType = sourcecode.c.h; path = ScanQRCodeViewController.h; sourceTree = "<group>"; };
		34597B421DDC744D00F48479 /* ScanQRCodeViewController.m */ = {isa = PBXFileReference; fileEncoding = 4; lastKnownFileType = sourcecode.c.objc; path = ScanQRCodeViewController.m; sourceTree = "<group>"; };
		34597B431DDC744D00F48479 /* UIView+SDExtension.h */ = {isa = PBXFileReference; fileEncoding = 4; lastKnownFileType = sourcecode.c.h; path = "UIView+SDExtension.h"; sourceTree = "<group>"; };
		34597B441DDC744D00F48479 /* UIView+SDExtension.m */ = {isa = PBXFileReference; fileEncoding = 4; lastKnownFileType = sourcecode.c.objc; path = "UIView+SDExtension.m"; sourceTree = "<group>"; };
		34597B5D1DDC74B400F48479 /* GCDAsyncSocket.h */ = {isa = PBXFileReference; fileEncoding = 4; lastKnownFileType = sourcecode.c.h; path = GCDAsyncSocket.h; sourceTree = "<group>"; };
		34597B5E1DDC74B400F48479 /* GCDAsyncSocket.m */ = {isa = PBXFileReference; fileEncoding = 4; lastKnownFileType = sourcecode.c.objc; path = GCDAsyncSocket.m; sourceTree = "<group>"; };
		34597B5F1DDC74B400F48479 /* GCDAsyncUdpSocket.h */ = {isa = PBXFileReference; fileEncoding = 4; lastKnownFileType = sourcecode.c.h; path = GCDAsyncUdpSocket.h; sourceTree = "<group>"; };
		34597B601DDC74B400F48479 /* GCDAsyncUdpSocket.m */ = {isa = PBXFileReference; fileEncoding = 4; lastKnownFileType = sourcecode.c.objc; path = GCDAsyncUdpSocket.m; sourceTree = "<group>"; };
		34597B761DDC758200F48479 /* QuickTouchViewController.h */ = {isa = PBXFileReference; fileEncoding = 4; lastKnownFileType = sourcecode.c.h; path = QuickTouchViewController.h; sourceTree = "<group>"; };
		34597B771DDC758200F48479 /* QuickTouchViewController.m */ = {isa = PBXFileReference; fileEncoding = 4; lastKnownFileType = sourcecode.c.objc; path = QuickTouchViewController.m; sourceTree = "<group>"; };
		34597B781DDC758200F48479 /* QuickTouchViewController.xib */ = {isa = PBXFileReference; fileEncoding = 4; lastKnownFileType = file.xib; path = QuickTouchViewController.xib; sourceTree = "<group>"; };
		34597B7C1DDC763900F48479 /* NSString+KeyCode.h */ = {isa = PBXFileReference; fileEncoding = 4; lastKnownFileType = sourcecode.c.h; path = "NSString+KeyCode.h"; sourceTree = "<group>"; };
		34597B7D1DDC763900F48479 /* NSString+KeyCode.m */ = {isa = PBXFileReference; fileEncoding = 4; lastKnownFileType = sourcecode.c.objc; path = "NSString+KeyCode.m"; sourceTree = "<group>"; };
		34597B7E1DDC763900F48479 /* QRCodeCreator.h */ = {isa = PBXFileReference; fileEncoding = 4; lastKnownFileType = sourcecode.c.h; path = QRCodeCreator.h; sourceTree = "<group>"; };
		34597B7F1DDC763900F48479 /* QRCodeCreator.m */ = {isa = PBXFileReference; fileEncoding = 4; lastKnownFileType = sourcecode.c.objc; path = QRCodeCreator.m; sourceTree = "<group>"; };
		34597B871DDC763900F48479 /* QTKey.h */ = {isa = PBXFileReference; fileEncoding = 4; lastKnownFileType = sourcecode.c.h; path = QTKey.h; sourceTree = "<group>"; };
		34597B881DDC763900F48479 /* QTKey.m */ = {isa = PBXFileReference; fileEncoding = 4; lastKnownFileType = sourcecode.c.objc; path = QTKey.m; sourceTree = "<group>"; };
		34597B891DDC763900F48479 /* QTSystemSetting.h */ = {isa = PBXFileReference; fileEncoding = 4; lastKnownFileType = sourcecode.c.h; path = QTSystemSetting.h; sourceTree = "<group>"; };
		34597B8A1DDC763900F48479 /* QTSystemSetting.m */ = {isa = PBXFileReference; fileEncoding = 4; lastKnownFileType = sourcecode.c.objc; path = QTSystemSetting.m; sourceTree = "<group>"; };
		34B049C11DD0D89500998965 /* QuickTouchClient.app */ = {isa = PBXFileReference; explicitFileType = wrapper.application; includeInIndex = 0; path = QuickTouchClient.app; sourceTree = BUILT_PRODUCTS_DIR; };
		34B049C51DD0D89500998965 /* main.m */ = {isa = PBXFileReference; lastKnownFileType = sourcecode.c.objc; path = main.m; sourceTree = "<group>"; };
		34B049C71DD0D89500998965 /* AppDelegate.h */ = {isa = PBXFileReference; lastKnownFileType = sourcecode.c.h; path = AppDelegate.h; sourceTree = "<group>"; };
		34B049C81DD0D89500998965 /* AppDelegate.m */ = {isa = PBXFileReference; lastKnownFileType = sourcecode.c.objc; path = AppDelegate.m; sourceTree = "<group>"; };
		34B049D01DD0D89500998965 /* Assets.xcassets */ = {isa = PBXFileReference; lastKnownFileType = folder.assetcatalog; path = Assets.xcassets; sourceTree = "<group>"; };
		34B049D31DD0D89500998965 /* Base */ = {isa = PBXFileReference; lastKnownFileType = file.storyboard; name = Base; path = Base.lproj/LaunchScreen.storyboard; sourceTree = "<group>"; };
		34B049D51DD0D89500998965 /* Info.plist */ = {isa = PBXFileReference; lastKnownFileType = text.plist.xml; path = Info.plist; sourceTree = "<group>"; };
		34B049DB1DD0D97500998965 /* MainViewController.h */ = {isa = PBXFileReference; fileEncoding = 4; lastKnownFileType = sourcecode.c.h; path = MainViewController.h; sourceTree = "<group>"; };
		34B049DC1DD0D97500998965 /* MainViewController.m */ = {isa = PBXFileReference; fileEncoding = 4; lastKnownFileType = sourcecode.c.objc; path = MainViewController.m; sourceTree = "<group>"; };
		34DEA0381DD0DC4E003B5D2D /* QuickTouchClient-prefix.pch */ = {isa = PBXFileReference; lastKnownFileType = sourcecode.c.h; path = "QuickTouchClient-prefix.pch"; sourceTree = "<group>"; };
		50795AB4E3DAFDD0E82A4258 /* Pods_QuickTouchClient.framework */ = {isa = PBXFileReference; explicitFileType = wrapper.framework; includeInIndex = 0; path = Pods_QuickTouchClient.framework; sourceTree = BUILT_PRODUCTS_DIR; };
		85DD7EAC6B03C7CF7E8BDF84 /* Pods-QuickTouchClient.debug.xcconfig */ = {isa = PBXFileReference; includeInIndex = 1; lastKnownFileType = text.xcconfig; name = "Pods-QuickTouchClient.debug.xcconfig"; path = "Pods/Target Support Files/Pods-QuickTouchClient/Pods-QuickTouchClient.debug.xcconfig"; sourceTree = "<group>"; };
		EEC6579A36956BED82996FE1 /* Pods-QuickTouchClient.release.xcconfig */ = {isa = PBXFileReference; includeInIndex = 1; lastKnownFileType = text.xcconfig; name = "Pods-QuickTouchClient.release.xcconfig"; path = "Pods/Target Support Files/Pods-QuickTouchClient/Pods-QuickTouchClient.release.xcconfig"; sourceTree = "<group>"; };
/* End PBXFileReference section */

/* Begin PBXFrameworksBuildPhase section */
		3411353D1DD2CE5D00D98C94 /* Frameworks */ = {
			isa = PBXFrameworksBuildPhase;
			buildActionMask = 2147483647;
			files = (
				76B0B441A4127CEF1A3E63E7 /* Pods_QuickTouchServer.framework in Frameworks */,
			);
			runOnlyForDeploymentPostprocessing = 0;
		};
		34B049BE1DD0D89500998965 /* Frameworks */ = {
			isa = PBXFrameworksBuildPhase;
			buildActionMask = 2147483647;
			files = (
				07CB409008305A8583BF1ACE /* Pods_QuickTouchClient.framework in Frameworks */,
			);
			runOnlyForDeploymentPostprocessing = 0;
		};
/* End PBXFrameworksBuildPhase section */

/* Begin PBXGroup section */
		283688C599F57196FC5F3725 /* Frameworks */ = {
			isa = PBXGroup;
			children = (
				50795AB4E3DAFDD0E82A4258 /* Pods_QuickTouchClient.framework */,
				26A25B06040C75F92B4F226D /* Pods_QuickTouchServer.framework */,
			);
			name = Frameworks;
			sourceTree = "<group>";
		};
		31A809881270A232B465DE48 /* Pods */ = {
			isa = PBXGroup;
			children = (
				85DD7EAC6B03C7CF7E8BDF84 /* Pods-QuickTouchClient.debug.xcconfig */,
				EEC6579A36956BED82996FE1 /* Pods-QuickTouchClient.release.xcconfig */,
				17232945795D99972E314DA8 /* Pods-QuickTouchServer.debug.xcconfig */,
				108A3946979789A260262B51 /* Pods-QuickTouchServer.release.xcconfig */,
			);
			name = Pods;
			sourceTree = "<group>";
		};
		341135411DD2CE5D00D98C94 /* QuickTouchServer */ = {
			isa = PBXGroup;
			children = (
				341135601DD2CEB000D98C94 /* AppDelegate.h */,
				3411355F1DD2CEB000D98C94 /* AppDelegate.m */,
				34597B7B1DDC763900F48479 /* Util */,
				34275B561DDCA03E0091045C /* Shared */,
				34597B861DDC763900F48479 /* QTService */,
				3411355D1DD2CEB000D98C94 /* Base.lproj */,
				34597B911DDC764800F48479 /* Supporting Files */,
			);
			path = QuickTouchServer;
			sourceTree = "<group>";
		};
		3411355D1DD2CEB000D98C94 /* Base.lproj */ = {
			isa = PBXGroup;
			children = (
				341135691DD2CF2400D98C94 /* MainMenu.xib */,
			);
			path = Base.lproj;
			sourceTree = "<group>";
		};
		34275B561DDCA03E0091045C /* Shared */ = {
			isa = PBXGroup;
			children = (
				34275B571DDCA03E0091045C /* GCDAsyncSokcet */,
			);
			path = Shared;
			sourceTree = "<group>";
		};
		34275B571DDCA03E0091045C /* GCDAsyncSokcet */ = {
			isa = PBXGroup;
			children = (
				34275B581DDCA03E0091045C /* GCDAsyncSocket.h */,
				34275B591DDCA03E0091045C /* GCDAsyncSocket.m */,
				34275B5A1DDCA03E0091045C /* GCDAsyncUdpSocket.h */,
				34275B5B1DDCA03E0091045C /* GCDAsyncUdpSocket.m */,
			);
			path = GCDAsyncSokcet;
			sourceTree = "<group>";
		};
		34275B701DDCC0F70091045C /* QTModule */ = {
			isa = PBXGroup;
			children = (
				34275B711DDCC0F70091045C /* QTProcessor.h */,
				34275B721DDCC0F70091045C /* QTProcessor.m */,
				34275B7C1DDCC2D20091045C /* QTTypeClass.h */,
				34275B7D1DDCC2D20091045C /* QTTypeClass.m */,
			);
			path = QTModule;
			sourceTree = "<group>";
		};
		34275B891DDD9E960091045C /* Expand */ = {
			isa = PBXGroup;
			children = (
				34275B8C1DDD9E960091045C /* Util.h */,
				34275B8D1DDD9E960091045C /* Util.m */,
				34275B931DDDA0330091045C /* NotificationConstant.h */,
				34275B941DDDA0330091045C /* NotificationConstant.m */,
			);
			path = Expand;
			sourceTree = "<group>";
		};
		34275B961DDDC2630091045C /* AppShortCuts */ = {
			isa = PBXGroup;
			children = (
			);
			name = AppShortCuts;
			path = QuickTouchClient/AppShortCuts;
			sourceTree = "<group>";
		};
		34275B9B1DDDE69B0091045C /* bluetooth */ = {
			isa = PBXGroup;
			children = (
				34275B9C1DDDE69B0091045C /* BabyBluetooth.h */,
				34275B9D1DDDE69B0091045C /* BabyBluetooth.m */,
				34275B9E1DDDE69B0091045C /* BabyCallback.h */,
				34275B9F1DDDE69B0091045C /* BabyCallback.m */,
				34275BA01DDDE69B0091045C /* BabyCentralManager.h */,
				34275BA11DDDE69B0091045C /* BabyCentralManager.m */,
				34275BA21DDDE69B0091045C /* BabyDefine.h */,
				34275BA31DDDE69B0091045C /* BabyDefine.m */,
				34275BA41DDDE69B0091045C /* BabyOptions.h */,
				34275BA51DDDE69B0091045C /* BabyOptions.m */,
				34275BA61DDDE69B0091045C /* BabyPeripheralManager.h */,
				34275BA71DDDE69B0091045C /* BabyPeripheralManager.m */,
				34275BA81DDDE69B0091045C /* BabyRhythm.h */,
				34275BA91DDDE69B0091045C /* BabyRhythm.m */,
				34275BAA1DDDE69B0091045C /* BabySpeaker.h */,
				34275BAB1DDDE69B0091045C /* BabySpeaker.m */,
				34275BAC1DDDE69B0091045C /* BabyToy.h */,
				34275BAD1DDDE69B0091045C /* BabyToy.m */,
			);
			path = bluetooth;
			sourceTree = "<group>";
		};
		34597B401DDC744D00F48479 /* ScanQRCode */ = {
			isa = PBXGroup;
			children = (
				34597B411DDC744D00F48479 /* ScanQRCodeViewController.h */,
				34597B421DDC744D00F48479 /* ScanQRCodeViewController.m */,
				34597B431DDC744D00F48479 /* UIView+SDExtension.h */,
				34597B441DDC744D00F48479 /* UIView+SDExtension.m */,
			);
			path = ScanQRCode;
			sourceTree = "<group>";
		};
		34597B5B1DDC74B400F48479 /* Shared */ = {
			isa = PBXGroup;
			children = (
				34275B9B1DDDE69B0091045C /* bluetooth */,
				34597B5C1DDC74B400F48479 /* GCDAsyncSokcet */,
			);
			path = Shared;
			sourceTree = "<group>";
		};
		34597B5C1DDC74B400F48479 /* GCDAsyncSokcet */ = {
			isa = PBXGroup;
			children = (
				34597B5D1DDC74B400F48479 /* GCDAsyncSocket.h */,
				34597B5E1DDC74B400F48479 /* GCDAsyncSocket.m */,
				34597B5F1DDC74B400F48479 /* GCDAsyncUdpSocket.h */,
				34597B601DDC74B400F48479 /* GCDAsyncUdpSocket.m */,
			);
			path = GCDAsyncSokcet;
			sourceTree = "<group>";
		};
		34597B751DDC758200F48479 /* Quick Touch */ = {
			isa = PBXGroup;
			children = (
				34597B761DDC758200F48479 /* QuickTouchViewController.h */,
				34597B771DDC758200F48479 /* QuickTouchViewController.m */,
				34597B781DDC758200F48479 /* QuickTouchViewController.xib */,
			);
			path = "Quick Touch";
			sourceTree = "<group>";
		};
		34597B7B1DDC763900F48479 /* Util */ = {
			isa = PBXGroup;
			children = (
				34597B7C1DDC763900F48479 /* NSString+KeyCode.h */,
				34597B7D1DDC763900F48479 /* NSString+KeyCode.m */,
				34597B7E1DDC763900F48479 /* QRCodeCreator.h */,
				34597B7F1DDC763900F48479 /* QRCodeCreator.m */,
			);
			path = Util;
			sourceTree = "<group>";
		};
		34597B861DDC763900F48479 /* QTService */ = {
			isa = PBXGroup;
			children = (
				34597B871DDC763900F48479 /* QTKey.h */,
				34597B881DDC763900F48479 /* QTKey.m */,
				34597B891DDC763900F48479 /* QTSystemSetting.h */,
				34597B8A1DDC763900F48479 /* QTSystemSetting.m */,
			);
			path = QTService;
			sourceTree = "<group>";
		};
		34597B911DDC764800F48479 /* Supporting Files */ = {
			isa = PBXGroup;
			children = (
				3411355E1DD2CEB000D98C94 /* Assets.xcassets */,
				341135541DD2CEB000D98C94 /* main.m */,
				341135551DD2CEB000D98C94 /* Info.plist */,
				341135511DD2CEB000D98C94 /* QuickTouchServer-prefix.pch */,
			);
			name = "Supporting Files";
			sourceTree = "<group>";
		};
		34B049B81DD0D89500998965 = {
			isa = PBXGroup;
			children = (
				34275B961DDDC2630091045C /* AppShortCuts */,
				34B049C31DD0D89500998965 /* QuickTouchClient */,
				341135411DD2CE5D00D98C94 /* QuickTouchServer */,
				34B049C21DD0D89500998965 /* Products */,
				31A809881270A232B465DE48 /* Pods */,
				283688C599F57196FC5F3725 /* Frameworks */,
			);
			sourceTree = "<group>";
		};
		34B049C21DD0D89500998965 /* Products */ = {
			isa = PBXGroup;
			children = (
				34B049C11DD0D89500998965 /* QuickTouchClient.app */,
				341135401DD2CE5D00D98C94 /* QuickTouchServer.app */,
			);
			name = Products;
			sourceTree = "<group>";
		};
		34B049C31DD0D89500998965 /* QuickTouchClient */ = {
			isa = PBXGroup;
			children = (
				34B049C71DD0D89500998965 /* AppDelegate.h */,
				34B049C81DD0D89500998965 /* AppDelegate.m */,
				34B049DB1DD0D97500998965 /* MainViewController.h */,
				34B049DC1DD0D97500998965 /* MainViewController.m */,
				34275B701DDCC0F70091045C /* QTModule */,
				34597B751DDC758200F48479 /* Quick Touch */,
				34597B401DDC744D00F48479 /* ScanQRCode */,
				34275B891DDD9E960091045C /* Expand */,
				34597B5B1DDC74B400F48479 /* Shared */,
				34B049C41DD0D89500998965 /* Supporting Files */,
			);
			path = QuickTouchClient;
			sourceTree = "<group>";
		};
		34B049C41DD0D89500998965 /* Supporting Files */ = {
			isa = PBXGroup;
			children = (
				34B049D01DD0D89500998965 /* Assets.xcassets */,
				34B049D21DD0D89500998965 /* LaunchScreen.storyboard */,
				34B049D51DD0D89500998965 /* Info.plist */,
				34DEA0381DD0DC4E003B5D2D /* QuickTouchClient-prefix.pch */,
				34B049C51DD0D89500998965 /* main.m */,
			);
			name = "Supporting Files";
			sourceTree = "<group>";
		};
/* End PBXGroup section */

/* Begin PBXNativeTarget section */
		3411353F1DD2CE5D00D98C94 /* QuickTouchServer */ = {
			isa = PBXNativeTarget;
			buildConfigurationList = 3411354E1DD2CE5D00D98C94 /* Build configuration list for PBXNativeTarget "QuickTouchServer" */;
			buildPhases = (
				FAAC19F4190EF9995B96908D /* [CP] Check Pods Manifest.lock */,
				3411353C1DD2CE5D00D98C94 /* Sources */,
				3411353D1DD2CE5D00D98C94 /* Frameworks */,
				3411353E1DD2CE5D00D98C94 /* Resources */,
				CA03531BA905F18A474E4455 /* [CP] Embed Pods Frameworks */,
				EDB59A423943291E14BE9528 /* [CP] Copy Pods Resources */,
			);
			buildRules = (
			);
			dependencies = (
			);
			name = QuickTouchServer;
			productName = QuickTouchServer;
			productReference = 341135401DD2CE5D00D98C94 /* QuickTouchServer.app */;
			productType = "com.apple.product-type.application";
		};
		34B049C01DD0D89500998965 /* QuickTouchClient */ = {
			isa = PBXNativeTarget;
			buildConfigurationList = 34B049D81DD0D89500998965 /* Build configuration list for PBXNativeTarget "QuickTouchClient" */;
			buildPhases = (
				C744ADAFEF29C8F7FBA960B8 /* [CP] Check Pods Manifest.lock */,
				34B049BD1DD0D89500998965 /* Sources */,
				34B049BE1DD0D89500998965 /* Frameworks */,
				34B049BF1DD0D89500998965 /* Resources */,
				F7853AE342B638E1A767FD7F /* [CP] Embed Pods Frameworks */,
				1ADC3EEB5DD63E805B50BAFF /* [CP] Copy Pods Resources */,
			);
			buildRules = (
			);
			dependencies = (
			);
			name = QuickTouchClient;
			productName = QuickTouchClient;
			productReference = 34B049C11DD0D89500998965 /* QuickTouchClient.app */;
			productType = "com.apple.product-type.application";
		};
/* End PBXNativeTarget section */

/* Begin PBXProject section */
		34B049B91DD0D89500998965 /* Project object */ = {
			isa = PBXProject;
			attributes = {
				LastUpgradeCheck = 0810;
				ORGANIZATIONNAME = TsuiYuenHong;
				TargetAttributes = {
					3411353F1DD2CE5D00D98C94 = {
						CreatedOnToolsVersion = 8.1;
						DevelopmentTeam = 446D3AAR7E;
						ProvisioningStyle = Automatic;
					};
					34B049C01DD0D89500998965 = {
						CreatedOnToolsVersion = 8.1;
						DevelopmentTeam = DK9MPZYTDE;
						ProvisioningStyle = Automatic;
					};
				};
			};
			buildConfigurationList = 34B049BC1DD0D89500998965 /* Build configuration list for PBXProject "QuickTouchClient" */;
			compatibilityVersion = "Xcode 3.2";
			developmentRegion = English;
			hasScannedForEncodings = 0;
			knownRegions = (
				en,
				Base,
			);
			mainGroup = 34B049B81DD0D89500998965;
			productRefGroup = 34B049C21DD0D89500998965 /* Products */;
			projectDirPath = "";
			projectRoot = "";
			targets = (
				34B049C01DD0D89500998965 /* QuickTouchClient */,
				3411353F1DD2CE5D00D98C94 /* QuickTouchServer */,
			);
		};
/* End PBXProject section */

/* Begin PBXResourcesBuildPhase section */
		3411353E1DD2CE5D00D98C94 /* Resources */ = {
			isa = PBXResourcesBuildPhase;
			buildActionMask = 2147483647;
			files = (
				341135671DD2CEB000D98C94 /* Assets.xcassets in Resources */,
				3411356B1DD2CF2400D98C94 /* MainMenu.xib in Resources */,
			);
			runOnlyForDeploymentPostprocessing = 0;
		};
		34B049BF1DD0D89500998965 /* Resources */ = {
			isa = PBXResourcesBuildPhase;
			buildActionMask = 2147483647;
			files = (
				34B049D41DD0D89500998965 /* LaunchScreen.storyboard in Resources */,
				34597B7A1DDC758200F48479 /* QuickTouchViewController.xib in Resources */,
				34B049D11DD0D89500998965 /* Assets.xcassets in Resources */,
			);
			runOnlyForDeploymentPostprocessing = 0;
		};
/* End PBXResourcesBuildPhase section */

/* Begin PBXShellScriptBuildPhase section */
		1ADC3EEB5DD63E805B50BAFF /* [CP] Copy Pods Resources */ = {
			isa = PBXShellScriptBuildPhase;
			buildActionMask = 2147483647;
			files = (
			);
			inputPaths = (
			);
			name = "[CP] Copy Pods Resources";
			outputPaths = (
			);
			runOnlyForDeploymentPostprocessing = 0;
			shellPath = /bin/sh;
			shellScript = "\"${SRCROOT}/Pods/Target Support Files/Pods-QuickTouchClient/Pods-QuickTouchClient-resources.sh\"\n";
			showEnvVarsInLog = 0;
		};
		C744ADAFEF29C8F7FBA960B8 /* [CP] Check Pods Manifest.lock */ = {
			isa = PBXShellScriptBuildPhase;
			buildActionMask = 2147483647;
			files = (
			);
			inputPaths = (
			);
			name = "[CP] Check Pods Manifest.lock";
			outputPaths = (
			);
			runOnlyForDeploymentPostprocessing = 0;
			shellPath = /bin/sh;
			shellScript = "diff \"${PODS_ROOT}/../Podfile.lock\" \"${PODS_ROOT}/Manifest.lock\" > /dev/null\nif [ $? != 0 ] ; then\n    # print error to STDERR\n    echo \"error: The sandbox is not in sync with the Podfile.lock. Run 'pod install' or update your CocoaPods installation.\" >&2\n    exit 1\nfi\n";
			showEnvVarsInLog = 0;
		};
		CA03531BA905F18A474E4455 /* [CP] Embed Pods Frameworks */ = {
			isa = PBXShellScriptBuildPhase;
			buildActionMask = 2147483647;
			files = (
			);
			inputPaths = (
			);
			name = "[CP] Embed Pods Frameworks";
			outputPaths = (
			);
			runOnlyForDeploymentPostprocessing = 0;
			shellPath = /bin/sh;
			shellScript = "\"${SRCROOT}/Pods/Target Support Files/Pods-QuickTouchServer/Pods-QuickTouchServer-frameworks.sh\"\n";
			showEnvVarsInLog = 0;
		};
		EDB59A423943291E14BE9528 /* [CP] Copy Pods Resources */ = {
			isa = PBXShellScriptBuildPhase;
			buildActionMask = 2147483647;
			files = (
			);
			inputPaths = (
			);
			name = "[CP] Copy Pods Resources";
			outputPaths = (
			);
			runOnlyForDeploymentPostprocessing = 0;
			shellPath = /bin/sh;
			shellScript = "\"${SRCROOT}/Pods/Target Support Files/Pods-QuickTouchServer/Pods-QuickTouchServer-resources.sh\"\n";
			showEnvVarsInLog = 0;
		};
		F7853AE342B638E1A767FD7F /* [CP] Embed Pods Frameworks */ = {
			isa = PBXShellScriptBuildPhase;
			buildActionMask = 2147483647;
			files = (
			);
			inputPaths = (
			);
			name = "[CP] Embed Pods Frameworks";
			outputPaths = (
			);
			runOnlyForDeploymentPostprocessing = 0;
			shellPath = /bin/sh;
			shellScript = "\"${SRCROOT}/Pods/Target Support Files/Pods-QuickTouchClient/Pods-QuickTouchClient-frameworks.sh\"\n";
			showEnvVarsInLog = 0;
		};
		FAAC19F4190EF9995B96908D /* [CP] Check Pods Manifest.lock */ = {
			isa = PBXShellScriptBuildPhase;
			buildActionMask = 2147483647;
			files = (
			);
			inputPaths = (
			);
			name = "[CP] Check Pods Manifest.lock";
			outputPaths = (
			);
			runOnlyForDeploymentPostprocessing = 0;
			shellPath = /bin/sh;
			shellScript = "diff \"${PODS_ROOT}/../Podfile.lock\" \"${PODS_ROOT}/Manifest.lock\" > /dev/null\nif [ $? != 0 ] ; then\n    # print error to STDERR\n    echo \"error: The sandbox is not in sync with the Podfile.lock. Run 'pod install' or update your CocoaPods installation.\" >&2\n    exit 1\nfi\n";
			showEnvVarsInLog = 0;
		};
/* End PBXShellScriptBuildPhase section */

/* Begin PBXSourcesBuildPhase section */
		3411353C1DD2CE5D00D98C94 /* Sources */ = {
			isa = PBXSourcesBuildPhase;
			buildActionMask = 2147483647;
			files = (
				34275BBF1DDDE69B0091045C /* BabyToy.m in Sources */,
				34275BB51DDDE69B0091045C /* BabyDefine.m in Sources */,
				34275BBB1DDDE69B0091045C /* BabyRhythm.m in Sources */,
				34275B5C1DDCA03E0091045C /* GCDAsyncSocket.m in Sources */,
				34275BBD1DDDE69B0091045C /* BabySpeaker.m in Sources */,
				34275B801DDD546A0091045C /* QTProcessor.m in Sources */,
				34275B5D1DDCA03E0091045C /* GCDAsyncUdpSocket.m in Sources */,
				34597B8B1DDC763900F48479 /* NSString+KeyCode.m in Sources */,
				34275BB11DDDE69B0091045C /* BabyCallback.m in Sources */,
				34597B8C1DDC763900F48479 /* QRCodeCreator.m in Sources */,
				34275BB91DDDE69B0091045C /* BabyPeripheralManager.m in Sources */,
				341135681DD2CEB000D98C94 /* AppDelegate.m in Sources */,
				34597B8F1DDC763900F48479 /* QTKey.m in Sources */,
				34597B901DDC763900F48479 /* QTSystemSetting.m in Sources */,
				34275BB71DDDE69B0091045C /* BabyOptions.m in Sources */,
				34275BB31DDDE69B0091045C /* BabyCentralManager.m in Sources */,
				341135621DD2CEB000D98C94 /* main.m in Sources */,
				34275B7F1DDD54680091045C /* QTTypeClass.m in Sources */,
				34275BAF1DDDE69B0091045C /* BabyBluetooth.m in Sources */,
			);
			runOnlyForDeploymentPostprocessing = 0;
		};
		34B049BD1DD0D89500998965 /* Sources */ = {
			isa = PBXSourcesBuildPhase;
			buildActionMask = 2147483647;
			files = (
				34597B621DDC74B400F48479 /* GCDAsyncUdpSocket.m in Sources */,
				34275BBA1DDDE69B0091045C /* BabyRhythm.m in Sources */,
				34275BB21DDDE69B0091045C /* BabyCentralManager.m in Sources */,
				34275BBC1DDDE69B0091045C /* BabySpeaker.m in Sources */,
				34B049C91DD0D89500998965 /* AppDelegate.m in Sources */,
				34275B811DDD75CA0091045C /* NSString+KeyCode.m in Sources */,
				34275BB41DDDE69B0091045C /* BabyDefine.m in Sources */,
				34597B451DDC744D00F48479 /* ScanQRCodeViewController.m in Sources */,
				34275BAE1DDDE69B0091045C /* BabyBluetooth.m in Sources */,
				34275B951DDDA0330091045C /* NotificationConstant.m in Sources */,
				34597B791DDC758200F48479 /* QuickTouchViewController.m in Sources */,
				34B049DE1DD0D97500998965 /* MainViewController.m in Sources */,
				34275BBE1DDDE69B0091045C /* BabyToy.m in Sources */,
				34B049C61DD0D89500998965 /* main.m in Sources */,
				34275BB81DDDE69B0091045C /* BabyPeripheralManager.m in Sources */,
				34275B761DDCC0F70091045C /* QTProcessor.m in Sources */,
				34597B611DDC74B400F48479 /* GCDAsyncSocket.m in Sources */,
				34597B461DDC744D00F48479 /* UIView+SDExtension.m in Sources */,
				34275B7E1DDCC2D20091045C /* QTTypeClass.m in Sources */,
				34275BB01DDDE69B0091045C /* BabyCallback.m in Sources */,
				34275BB61DDDE69B0091045C /* BabyOptions.m in Sources */,
				34275B8F1DDD9E960091045C /* Util.m in Sources */,
			);
			runOnlyForDeploymentPostprocessing = 0;
		};
/* End PBXSourcesBuildPhase section */

/* Begin PBXVariantGroup section */
		341135691DD2CF2400D98C94 /* MainMenu.xib */ = {
			isa = PBXVariantGroup;
			children = (
				3411356A1DD2CF2400D98C94 /* Base */,
			);
			name = MainMenu.xib;
			sourceTree = "<group>";
		};
		34B049D21DD0D89500998965 /* LaunchScreen.storyboard */ = {
			isa = PBXVariantGroup;
			children = (
				34B049D31DD0D89500998965 /* Base */,
			);
			name = LaunchScreen.storyboard;
			sourceTree = "<group>";
		};
/* End PBXVariantGroup section */

/* Begin XCBuildConfiguration section */
		3411354F1DD2CE5D00D98C94 /* Debug */ = {
			isa = XCBuildConfiguration;
			baseConfigurationReference = 17232945795D99972E314DA8 /* Pods-QuickTouchServer.debug.xcconfig */;
			buildSettings = {
				ASSETCATALOG_COMPILER_APPICON_NAME = AppIcon;
				CODE_SIGN_IDENTITY = "-";
				COMBINE_HIDPI_IMAGES = YES;
				DEVELOPMENT_TEAM = 446D3AAR7E;
				GCC_ENABLE_BUILTIN_FUNCTIONS = NO;
				GCC_PREFIX_HEADER = "$(PROJECT_DIR)/QuickTouchServer/QuickTouchServer-prefix.pch";
				INFOPLIST_FILE = QuickTouchServer/Info.plist;
				LD_RUNPATH_SEARCH_PATHS = "$(inherited) @executable_path/../Frameworks";
				MACOSX_DEPLOYMENT_TARGET = 10.12;
				PRODUCT_BUNDLE_IDENTIFIER = TsuiYuenHong.QuickTouchServer;
				PRODUCT_NAME = "$(TARGET_NAME)";
				SDKROOT = macosx;
				USER_HEADER_SEARCH_PATHS = "$(SRCROOT)/**";
			};
			name = Debug;
		};
		341135501DD2CE5D00D98C94 /* Release */ = {
			isa = XCBuildConfiguration;
			baseConfigurationReference = 108A3946979789A260262B51 /* Pods-QuickTouchServer.release.xcconfig */;
			buildSettings = {
				ASSETCATALOG_COMPILER_APPICON_NAME = AppIcon;
				CODE_SIGN_IDENTITY = "-";
				COMBINE_HIDPI_IMAGES = YES;
				DEVELOPMENT_TEAM = 446D3AAR7E;
				GCC_ENABLE_BUILTIN_FUNCTIONS = NO;
				GCC_PREFIX_HEADER = "$(PROJECT_DIR)/QuickTouchServer/QuickTouchServer-prefix.pch";
				INFOPLIST_FILE = QuickTouchServer/Info.plist;
				LD_RUNPATH_SEARCH_PATHS = "$(inherited) @executable_path/../Frameworks";
				MACOSX_DEPLOYMENT_TARGET = 10.12;
				PRODUCT_BUNDLE_IDENTIFIER = TsuiYuenHong.QuickTouchServer;
				PRODUCT_NAME = "$(TARGET_NAME)";
				SDKROOT = macosx;
				USER_HEADER_SEARCH_PATHS = "$(SRCROOT)/**";
			};
			name = Release;
		};
		34B049D61DD0D89500998965 /* Debug */ = {
			isa = XCBuildConfiguration;
			buildSettings = {
				ALWAYS_SEARCH_USER_PATHS = NO;
				CLANG_ANALYZER_NONNULL = YES;
				CLANG_CXX_LANGUAGE_STANDARD = "gnu++0x";
				CLANG_CXX_LIBRARY = "libc++";
				CLANG_ENABLE_MODULES = YES;
				CLANG_ENABLE_OBJC_ARC = YES;
				CLANG_WARN_BOOL_CONVERSION = YES;
				CLANG_WARN_CONSTANT_CONVERSION = YES;
				CLANG_WARN_DIRECT_OBJC_ISA_USAGE = YES_ERROR;
				CLANG_WARN_DOCUMENTATION_COMMENTS = YES;
				CLANG_WARN_EMPTY_BODY = YES;
				CLANG_WARN_ENUM_CONVERSION = YES;
				CLANG_WARN_INFINITE_RECURSION = YES;
				CLANG_WARN_INT_CONVERSION = YES;
				CLANG_WARN_OBJC_ROOT_CLASS = YES_ERROR;
				CLANG_WARN_SUSPICIOUS_MOVE = YES;
				CLANG_WARN_SUSPICIOUS_MOVES = YES;
				CLANG_WARN_UNREACHABLE_CODE = YES;
				CLANG_WARN__DUPLICATE_METHOD_MATCH = YES;
				"CODE_SIGN_IDENTITY[sdk=iphoneos*]" = "iPhone Developer";
				COPY_PHASE_STRIP = NO;
				DEBUG_INFORMATION_FORMAT = dwarf;
				ENABLE_STRICT_OBJC_MSGSEND = YES;
				ENABLE_TESTABILITY = YES;
				GCC_C_LANGUAGE_STANDARD = gnu99;
				GCC_DYNAMIC_NO_PIC = NO;
				GCC_NO_COMMON_BLOCKS = YES;
				GCC_OPTIMIZATION_LEVEL = 0;
				GCC_PREPROCESSOR_DEFINITIONS = (
					"DEBUG=1",
					"$(inherited)",
				);
				GCC_WARN_64_TO_32_BIT_CONVERSION = YES;
				GCC_WARN_ABOUT_RETURN_TYPE = YES_ERROR;
				GCC_WARN_UNDECLARED_SELECTOR = YES;
				GCC_WARN_UNINITIALIZED_AUTOS = YES_AGGRESSIVE;
				GCC_WARN_UNUSED_FUNCTION = YES;
				GCC_WARN_UNUSED_VARIABLE = YES;
				IPHONEOS_DEPLOYMENT_TARGET = 10.1;
				MTL_ENABLE_DEBUG_INFO = YES;
				ONLY_ACTIVE_ARCH = YES;
				SDKROOT = iphoneos;
			};
			name = Debug;
		};
		34B049D71DD0D89500998965 /* Release */ = {
			isa = XCBuildConfiguration;
			buildSettings = {
				ALWAYS_SEARCH_USER_PATHS = NO;
				CLANG_ANALYZER_NONNULL = YES;
				CLANG_CXX_LANGUAGE_STANDARD = "gnu++0x";
				CLANG_CXX_LIBRARY = "libc++";
				CLANG_ENABLE_MODULES = YES;
				CLANG_ENABLE_OBJC_ARC = YES;
				CLANG_WARN_BOOL_CONVERSION = YES;
				CLANG_WARN_CONSTANT_CONVERSION = YES;
				CLANG_WARN_DIRECT_OBJC_ISA_USAGE = YES_ERROR;
				CLANG_WARN_DOCUMENTATION_COMMENTS = YES;
				CLANG_WARN_EMPTY_BODY = YES;
				CLANG_WARN_ENUM_CONVERSION = YES;
				CLANG_WARN_INFINITE_RECURSION = YES;
				CLANG_WARN_INT_CONVERSION = YES;
				CLANG_WARN_OBJC_ROOT_CLASS = YES_ERROR;
				CLANG_WARN_SUSPICIOUS_MOVE = YES;
				CLANG_WARN_SUSPICIOUS_MOVES = YES;
				CLANG_WARN_UNREACHABLE_CODE = YES;
				CLANG_WARN__DUPLICATE_METHOD_MATCH = YES;
				"CODE_SIGN_IDENTITY[sdk=iphoneos*]" = "iPhone Developer";
				COPY_PHASE_STRIP = NO;
				DEBUG_INFORMATION_FORMAT = "dwarf-with-dsym";
				ENABLE_NS_ASSERTIONS = NO;
				ENABLE_STRICT_OBJC_MSGSEND = YES;
				GCC_C_LANGUAGE_STANDARD = gnu99;
				GCC_NO_COMMON_BLOCKS = YES;
				GCC_WARN_64_TO_32_BIT_CONVERSION = YES;
				GCC_WARN_ABOUT_RETURN_TYPE = YES_ERROR;
				GCC_WARN_UNDECLARED_SELECTOR = YES;
				GCC_WARN_UNINITIALIZED_AUTOS = YES_AGGRESSIVE;
				GCC_WARN_UNUSED_FUNCTION = YES;
				GCC_WARN_UNUSED_VARIABLE = YES;
				IPHONEOS_DEPLOYMENT_TARGET = 10.1;
				MTL_ENABLE_DEBUG_INFO = NO;
				SDKROOT = iphoneos;
				VALIDATE_PRODUCT = YES;
			};
			name = Release;
		};
		34B049D91DD0D89500998965 /* Debug */ = {
			isa = XCBuildConfiguration;
			baseConfigurationReference = 85DD7EAC6B03C7CF7E8BDF84 /* Pods-QuickTouchClient.debug.xcconfig */;
			buildSettings = {
				ASSETCATALOG_COMPILER_APPICON_NAME = AppIcon;
				DEVELOPMENT_TEAM = DK9MPZYTDE;
				GCC_PREFIX_HEADER = "$(PROJECT_DIR)/QuickTouchClient/QuickTouchClient-prefix.pch";
				INFOPLIST_FILE = QuickTouchClient/Info.plist;
				LD_RUNPATH_SEARCH_PATHS = "$(inherited) @executable_path/Frameworks";
				PRODUCT_BUNDLE_IDENTIFIER = TsuiYuenHong.QuickTouchClient;
				PRODUCT_NAME = "$(TARGET_NAME)";
				USER_HEADER_SEARCH_PATHS = "$(SRCROOT)/**";
			};
			name = Debug;
		};
		34B049DA1DD0D89500998965 /* Release */ = {
			isa = XCBuildConfiguration;
			baseConfigurationReference = EEC6579A36956BED82996FE1 /* Pods-QuickTouchClient.release.xcconfig */;
			buildSettings = {
				ASSETCATALOG_COMPILER_APPICON_NAME = AppIcon;
				DEVELOPMENT_TEAM = DK9MPZYTDE;
				GCC_PREFIX_HEADER = "$(PROJECT_DIR)/QuickTouchClient/QuickTouchClient-prefix.pch";
				INFOPLIST_FILE = QuickTouchClient/Info.plist;
				LD_RUNPATH_SEARCH_PATHS = "$(inherited) @executable_path/Frameworks";
				PRODUCT_BUNDLE_IDENTIFIER = TsuiYuenHong.QuickTouchClient;
				PRODUCT_NAME = "$(TARGET_NAME)";
				USER_HEADER_SEARCH_PATHS = "$(SRCROOT)/**";
			};
			name = Release;
		};
/* End XCBuildConfiguration section */

/* Begin XCConfigurationList section */
		3411354E1DD2CE5D00D98C94 /* Build configuration list for PBXNativeTarget "QuickTouchServer" */ = {
			isa = XCConfigurationList;
			buildConfigurations = (
				3411354F1DD2CE5D00D98C94 /* Debug */,
				341135501DD2CE5D00D98C94 /* Release */,
			);
			defaultConfigurationIsVisible = 0;
			defaultConfigurationName = Release;
		};
		34B049BC1DD0D89500998965 /* Build configuration list for PBXProject "QuickTouchClient" */ = {
			isa = XCConfigurationList;
			buildConfigurations = (
				34B049D61DD0D89500998965 /* Debug */,
				34B049D71DD0D89500998965 /* Release */,
			);
			defaultConfigurationIsVisible = 0;
			defaultConfigurationName = Release;
		};
		34B049D81DD0D89500998965 /* Build configuration list for PBXNativeTarget "QuickTouchClient" */ = {
			isa = XCConfigurationList;
			buildConfigurations = (
				34B049D91DD0D89500998965 /* Debug */,
				34B049DA1DD0D89500998965 /* Release */,
			);
			defaultConfigurationIsVisible = 0;
			defaultConfigurationName = Release;
		};
/* End XCConfigurationList section */
	};
	rootObject = 34B049B91DD0D89500998965 /* Project object */;
}
